
Microsoft Visual Studio Solution File, Format Version 12.00
# Visual Studio Version 16
VisualStudioVersion = 16.0.32407.337
MinimumVisualStudioVersion = 10.0.40219.1
Project("{F184B08F-C81C-45F6-A57F-5ABD9991F28F}") = "testCICDDevOps", "testCICDDevOps\testCICDDevOps.vbproj", "{BD0EEE0C-18BF-4B23-A977-419AD7D56778}"
EndProject
Global
	GlobalSection(SolutionConfigurationPlatforms) = preSolution
		Debug|Any CPU = Debug|Any CPU
		Release|Any CPU = Release|Any CPU
	EndGlobalSection
	GlobalSection(ProjectConfigurationPlatforms) = postSolution
		{BD0EEE0C-18BF-4B23-A977-419AD7D56778}.Debug|Any CPU.ActiveCfg = Debug|Any CPU
		{BD0EEE0C-18BF-4B23-A977-419AD7D56778}.Debug|Any CPU.Build.0 = Debug|Any CPU
		{BD0EEE0C-18BF-4B23-A977-419AD7D56778}.Release|Any CPU.ActiveCfg = Release|Any CPU
		{BD0EEE0C-18BF-4B23-A977-419AD7D56778}.Release|Any CPU.Build.0 = Release|Any CPU
	EndGlobalSection
	GlobalSection(SolutionProperties) = preSolution
		HideSolutionNode = FALSE
	EndGlobalSection
	GlobalSection(ExtensibilityGlobals) = postSolution
		SolutionGuid = {5EB7D5CF-EB1A-48AE-AE6B-4CB6E39A81FE}
	EndGlobalSection
EndGlobal
